
Microsoft Visual Studio Solution File, Format Version 12.00
# Visual Studio Version 17
VisualStudioVersion = 17.14.36511.14
MinimumVisualStudioVersion = 10.0.40219.1
Project("{FAE04EC0-301F-11D3-BF4B-00C04F79EFBC}") = "Kakao", "Kakao\Kakao.csproj", "{8BF49049-E8F5-4C55-A534-08232E1CD33E}"
EndProject
Project("{FAE04EC0-301F-11D3-BF4B-00C04F79EFBC}") = "Kakao.Forms", "Kakao.Forms\Kakao.Forms.csproj", "{EAF47A6D-C766-4499-9ECA-5EDDE6642173}"
EndProject
Project("{FAE04EC0-301F-11D3-BF4B-00C04F79EFBC}") = "Kakao.Login", "Kakao.Login\Kakao.Login.csproj", "{9AC1BC0F-E7B7-452D-B1A1-8F39DF14FE26}"
EndProject
Project("{2150E333-8FDC-42A3-9474-1A3956D46DE8}") = "Studio", "Studio", "{C8D5274F-AC00-46C7-1F8D-E88E81087A52}"
EndProject
Project("{2150E333-8FDC-42A3-9474-1A3956D46DE8}") = "Partial", "Partial", "{BFCB153F-F731-4B6B-BEF8-F62EA1D08A95}"
EndProject
Project("{FAE04EC0-301F-11D3-BF4B-00C04F79EFBC}") = "Kakao.Friends", "Kakao.Friends\Kakao.Friends.csproj", "{56227132-B8E1-43AF-89B3-FB75E522D344}"
EndProject
Project("{2150E333-8FDC-42A3-9474-1A3956D46DE8}") = "Based", "Based", "{DB3AD8C7-0B36-4FAE-8F08-162484A31AF1}"
EndProject
Project("{FAE04EC0-301F-11D3-BF4B-00C04F79EFBC}") = "Kakao.Core", "Kakao.Core\Kakao.Core.csproj", "{33322E9C-E2C8-41E6-99BF-911ACE272E46}"
EndProject
Project("{FAE04EC0-301F-11D3-BF4B-00C04F79EFBC}") = "Kakao.Main", "Kakao.Main\Kakao.Main.csproj", "{35271518-280B-4C54-B22A-A0543C5E88AE}"
EndProject
Project("{FAE04EC0-301F-11D3-BF4B-00C04F79EFBC}") = "Kakao.Chat", "Kakao.Chat\Kakao.Chat.csproj", "{63463A3B-8EB2-4C7E-A2FD-A7E0F0E81269}"
EndProject
Global
	GlobalSection(SolutionConfigurationPlatforms) = preSolution
		Debug|Any CPU = Debug|Any CPU
		Release|Any CPU = Release|Any CPU
	EndGlobalSection
	GlobalSection(ProjectConfigurationPlatforms) = postSolution
		{8BF49049-E8F5-4C55-A534-08232E1CD33E}.Debug|Any CPU.ActiveCfg = Debug|Any CPU
		{8BF49049-E8F5-4C55-A534-08232E1CD33E}.Debug|Any CPU.Build.0 = Debug|Any CPU
		{8BF49049-E8F5-4C55-A534-08232E1CD33E}.Release|Any CPU.ActiveCfg = Release|Any CPU
		{8BF49049-E8F5-4C55-A534-08232E1CD33E}.Release|Any CPU.Build.0 = Release|Any CPU
		{EAF47A6D-C766-4499-9ECA-5EDDE6642173}.Debug|Any CPU.ActiveCfg = Debug|Any CPU
		{EAF47A6D-C766-4499-9ECA-5EDDE6642173}.Debug|Any CPU.Build.0 = Debug|Any CPU
		{EAF47A6D-C766-4499-9ECA-5EDDE6642173}.Release|Any CPU.ActiveCfg = Release|Any CPU
		{EAF47A6D-C766-4499-9ECA-5EDDE6642173}.Release|Any CPU.Build.0 = Release|Any CPU
		{9AC1BC0F-E7B7-452D-B1A1-8F39DF14FE26}.Debug|Any CPU.ActiveCfg = Debug|Any CPU
		{9AC1BC0F-E7B7-452D-B1A1-8F39DF14FE26}.Debug|Any CPU.Build.0 = Debug|Any CPU
		{9AC1BC0F-E7B7-452D-B1A1-8F39DF14FE26}.Release|Any CPU.ActiveCfg = Release|Any CPU
		{9AC1BC0F-E7B7-452D-B1A1-8F39DF14FE26}.Release|Any CPU.Build.0 = Release|Any CPU
		{56227132-B8E1-43AF-89B3-FB75E522D344}.Debug|Any CPU.ActiveCfg = Debug|Any CPU
		{56227132-B8E1-43AF-89B3-FB75E522D344}.Debug|Any CPU.Build.0 = Debug|Any CPU
		{56227132-B8E1-43AF-89B3-FB75E522D344}.Release|Any CPU.ActiveCfg = Release|Any CPU
		{56227132-B8E1-43AF-89B3-FB75E522D344}.Release|Any CPU.Build.0 = Release|Any CPU
		{33322E9C-E2C8-41E6-99BF-911ACE272E46}.Debug|Any CPU.ActiveCfg = Debug|Any CPU
		{33322E9C-E2C8-41E6-99BF-911ACE272E46}.Debug|Any CPU.Build.0 = Debug|Any CPU
		{33322E9C-E2C8-41E6-99BF-911ACE272E46}.Release|Any CPU.ActiveCfg = Release|Any CPU
		{33322E9C-E2C8-41E6-99BF-911ACE272E46}.Release|Any CPU.Build.0 = Release|Any CPU
		{35271518-280B-4C54-B22A-A0543C5E88AE}.Debug|Any CPU.ActiveCfg = Debug|Any CPU
		{35271518-280B-4C54-B22A-A0543C5E88AE}.Debug|Any CPU.Build.0 = Debug|Any CPU
		{35271518-280B-4C54-B22A-A0543C5E88AE}.Release|Any CPU.ActiveCfg = Release|Any CPU
		{35271518-280B-4C54-B22A-A0543C5E88AE}.Release|Any CPU.Build.0 = Release|Any CPU
		{63463A3B-8EB2-4C7E-A2FD-A7E0F0E81269}.Debug|Any CPU.ActiveCfg = Debug|Any CPU
		{63463A3B-8EB2-4C7E-A2FD-A7E0F0E81269}.Debug|Any CPU.Build.0 = Debug|Any CPU
		{63463A3B-8EB2-4C7E-A2FD-A7E0F0E81269}.Release|Any CPU.ActiveCfg = Release|Any CPU
		{63463A3B-8EB2-4C7E-A2FD-A7E0F0E81269}.Release|Any CPU.Build.0 = Release|Any CPU
	EndGlobalSection
	GlobalSection(SolutionProperties) = preSolution
		HideSolutionNode = FALSE
	EndGlobalSection
	GlobalSection(NestedProjects) = preSolution
		{8BF49049-E8F5-4C55-A534-08232E1CD33E} = {C8D5274F-AC00-46C7-1F8D-E88E81087A52}
		{EAF47A6D-C766-4499-9ECA-5EDDE6642173} = {BFCB153F-F731-4B6B-BEF8-F62EA1D08A95}
		{9AC1BC0F-E7B7-452D-B1A1-8F39DF14FE26} = {BFCB153F-F731-4B6B-BEF8-F62EA1D08A95}
		{56227132-B8E1-43AF-89B3-FB75E522D344} = {BFCB153F-F731-4B6B-BEF8-F62EA1D08A95}
		{33322E9C-E2C8-41E6-99BF-911ACE272E46} = {DB3AD8C7-0B36-4FAE-8F08-162484A31AF1}
		{35271518-280B-4C54-B22A-A0543C5E88AE} = {BFCB153F-F731-4B6B-BEF8-F62EA1D08A95}
		{63463A3B-8EB2-4C7E-A2FD-A7E0F0E81269} = {BFCB153F-F731-4B6B-BEF8-F62EA1D08A95}
	EndGlobalSection
	GlobalSection(ExtensibilityGlobals) = postSolution
		SolutionGuid = {B9995BB7-E0CC-40F9-AAAA-553885B1C2ED}
	EndGlobalSection
EndGlobal
