
Microsoft Visual Studio Solution File, Format Version 12.00
# Visual Studio Version 17
VisualStudioVersion = 17.14.36511.14
MinimumVisualStudioVersion = 10.0.40219.1
Project("{FAE04EC0-301F-11D3-BF4B-00C04F79EFBC}") = "Kakao", "Kakao\Kakao.csproj", "{8BF49049-E8F5-4C55-A534-08232E1CD33E}"
EndProject
Project("{FAE04EC0-301F-11D3-BF4B-00C04F79EFBC}") = "Kakao.Forms", "Kakao.Forms\Kakao.Forms.csproj", "{EAF47A6D-C766-4499-9ECA-5EDDE6642173}"
EndProject
Project("{FAE04EC0-301F-11D3-BF4B-00C04F79EFBC}") = "Kakao.Login", "Kakao.Login\Kakao.Login.csproj", "{9AC1BC0F-E7B7-452D-B1A1-8F39DF14FE26}"
EndProject
Project("{2150E333-8FDC-42A3-9474-1A3956D46DE8}") = "Studio", "Studio", "{C8D5274F-AC00-46C7-1F8D-E88E81087A52}"
EndProject
Project("{2150E333-8FDC-42A3-9474-1A3956D46DE8}") = "Partial", "Partial", "{BFCB153F-F731-4B6B-BEF8-F62EA1D08A95}"
EndProject
Project("{FAE04EC0-301F-11D3-BF4B-00C04F79EFBC}") = "Kakao.Friends", "Kakao.Friends\Kakao.Friends.csproj", "{56227132-B8E1-43AF-89B3-FB75E522D344}"
EndProject
Project("{2150E333-8FDC-42A3-9474-1A3956D46DE8}") = "Based", "Based", "{DB3AD8C7-0B36-4FAE-8F08-162484A31AF1}"
EndProject
Project("{FAE04EC0-301F-11D3-BF4B-00C04F79EFBC}") = "Kakao.Core", "Kakao.Core\Kakao.Core.csproj", "{33322E9C-E2C8-41E6-99BF-911ACE272E46}"
EndProject
Project("{FAE04EC0-301F-11D3-BF4B-00C04F79EFBC}") = "Kakao.Main", "Kakao.Main\Kakao.Main.csproj", "{35271518-280B-4C54-B22A-A0543C5E88AE}"
EndProject
Project("{FAE04EC0-301F-11D3-BF4B-00C04F79EFBC}") = "Kakao.Chat", "Kakao.Chat\Kakao.Chat.csproj", "{63463A3B-8EB2-4C7E-A2FD-A7E0F0E81269}"
EndProject
Project("{FAE04EC0-301F-11D3-BF4B-00C04F79EFBC}") = "Kakao.More", "Kakao.More\Kakao.More.csproj", "{6486EE45-6382-4A53-BBF9-DCC8C07E5CD0}"
EndProject
Project("{2150E333-8FDC-42A3-9474-1A3956D46DE8}") = "Foundation", "Foundation", "{DB8F0249-7A49-438C-8BDF-19D0493524C9}"
EndProject
Project("{FAE04EC0-301F-11D3-BF4B-00C04F79EFBC}") = "Kakao.LayoutSupport", "Kakao.LayoutSupport\Kakao.LayoutSupport.csproj", "{D6E4A35C-C85B-402A-A4B3-0DB45528B57F}"
EndProject
Project("{FAE04EC0-301F-11D3-BF4B-00C04F79EFBC}") = "Kakao.Friends.Birth", "Kakao.Friends.Birth\Kakao.Friends.Birth.csproj", "{F94B7D3D-524F-4F3B-9486-C6959BF2181F}"
EndProject
Project("{2150E333-8FDC-42A3-9474-1A3956D46DE8}") = "Friends", "Friends", "{8297A6A3-0B9D-4CA6-8DD9-066E815D4F2A}"
EndProject
Project("{FAE04EC0-301F-11D3-BF4B-00C04F79EFBC}") = "Kakao.Friends.Favorites", "Kakao.Friends.Favorites\Kakao.Friends.Favorites.csproj", "{455D4798-C148-4896-9A42-15AF02B65072}"
EndProject
Project("{2150E333-8FDC-42A3-9474-1A3956D46DE8}") = "Pages", "Pages", "{46BAFBFC-BD7F-4CFF-BC26-A4C0AC241148}"
EndProject
Project("{2150E333-8FDC-42A3-9474-1A3956D46DE8}") = "Talks", "Talks", "{C6378DA8-5CC7-428A-8BAE-F3BA3B5D463E}"
EndProject
Project("{FAE04EC0-301F-11D3-BF4B-00C04F79EFBC}") = "Kakao.Talk", "Kakao.Talk\Kakao.Talk.csproj", "{43771CB5-4CA7-4697-86D7-F041825E4B26}"
EndProject
Global
	GlobalSection(SolutionConfigurationPlatforms) = preSolution
		Debug|Any CPU = Debug|Any CPU
		Release|Any CPU = Release|Any CPU
	EndGlobalSection
	GlobalSection(ProjectConfigurationPlatforms) = postSolution
		{8BF49049-E8F5-4C55-A534-08232E1CD33E}.Debug|Any CPU.ActiveCfg = Debug|Any CPU
		{8BF49049-E8F5-4C55-A534-08232E1CD33E}.Debug|Any CPU.Build.0 = Debug|Any CPU
		{8BF49049-E8F5-4C55-A534-08232E1CD33E}.Release|Any CPU.ActiveCfg = Release|Any CPU
		{8BF49049-E8F5-4C55-A534-08232E1CD33E}.Release|Any CPU.Build.0 = Release|Any CPU
		{EAF47A6D-C766-4499-9ECA-5EDDE6642173}.Debug|Any CPU.ActiveCfg = Debug|Any CPU
		{EAF47A6D-C766-4499-9ECA-5EDDE6642173}.Debug|Any CPU.Build.0 = Debug|Any CPU
		{EAF47A6D-C766-4499-9ECA-5EDDE6642173}.Release|Any CPU.ActiveCfg = Release|Any CPU
		{EAF47A6D-C766-4499-9ECA-5EDDE6642173}.Release|Any CPU.Build.0 = Release|Any CPU
		{9AC1BC0F-E7B7-452D-B1A1-8F39DF14FE26}.Debug|Any CPU.ActiveCfg = Debug|Any CPU
		{9AC1BC0F-E7B7-452D-B1A1-8F39DF14FE26}.Debug|Any CPU.Build.0 = Debug|Any CPU
		{9AC1BC0F-E7B7-452D-B1A1-8F39DF14FE26}.Release|Any CPU.ActiveCfg = Release|Any CPU
		{9AC1BC0F-E7B7-452D-B1A1-8F39DF14FE26}.Release|Any CPU.Build.0 = Release|Any CPU
		{56227132-B8E1-43AF-89B3-FB75E522D344}.Debug|Any CPU.ActiveCfg = Debug|Any CPU
		{56227132-B8E1-43AF-89B3-FB75E522D344}.Debug|Any CPU.Build.0 = Debug|Any CPU
		{56227132-B8E1-43AF-89B3-FB75E522D344}.Release|Any CPU.ActiveCfg = Release|Any CPU
		{56227132-B8E1-43AF-89B3-FB75E522D344}.Release|Any CPU.Build.0 = Release|Any CPU
		{33322E9C-E2C8-41E6-99BF-911ACE272E46}.Debug|Any CPU.ActiveCfg = Debug|Any CPU
		{33322E9C-E2C8-41E6-99BF-911ACE272E46}.Debug|Any CPU.Build.0 = Debug|Any CPU
		{33322E9C-E2C8-41E6-99BF-911ACE272E46}.Release|Any CPU.ActiveCfg = Release|Any CPU
		{33322E9C-E2C8-41E6-99BF-911ACE272E46}.Release|Any CPU.Build.0 = Release|Any CPU
		{35271518-280B-4C54-B22A-A0543C5E88AE}.Debug|Any CPU.ActiveCfg = Debug|Any CPU
		{35271518-280B-4C54-B22A-A0543C5E88AE}.Debug|Any CPU.Build.0 = Debug|Any CPU
		{35271518-280B-4C54-B22A-A0543C5E88AE}.Release|Any CPU.ActiveCfg = Release|Any CPU
		{35271518-280B-4C54-B22A-A0543C5E88AE}.Release|Any CPU.Build.0 = Release|Any CPU
		{63463A3B-8EB2-4C7E-A2FD-A7E0F0E81269}.Debug|Any CPU.ActiveCfg = Debug|Any CPU
		{63463A3B-8EB2-4C7E-A2FD-A7E0F0E81269}.Debug|Any CPU.Build.0 = Debug|Any CPU
		{63463A3B-8EB2-4C7E-A2FD-A7E0F0E81269}.Release|Any CPU.ActiveCfg = Release|Any CPU
		{63463A3B-8EB2-4C7E-A2FD-A7E0F0E81269}.Release|Any CPU.Build.0 = Release|Any CPU
		{6486EE45-6382-4A53-BBF9-DCC8C07E5CD0}.Debug|Any CPU.ActiveCfg = Debug|Any CPU
		{6486EE45-6382-4A53-BBF9-DCC8C07E5CD0}.Debug|Any CPU.Build.0 = Debug|Any CPU
		{6486EE45-6382-4A53-BBF9-DCC8C07E5CD0}.Release|Any CPU.ActiveCfg = Release|Any CPU
		{6486EE45-6382-4A53-BBF9-DCC8C07E5CD0}.Release|Any CPU.Build.0 = Release|Any CPU
		{D6E4A35C-C85B-402A-A4B3-0DB45528B57F}.Debug|Any CPU.ActiveCfg = Debug|Any CPU
		{D6E4A35C-C85B-402A-A4B3-0DB45528B57F}.Debug|Any CPU.Build.0 = Debug|Any CPU
		{D6E4A35C-C85B-402A-A4B3-0DB45528B57F}.Release|Any CPU.ActiveCfg = Release|Any CPU
		{D6E4A35C-C85B-402A-A4B3-0DB45528B57F}.Release|Any CPU.Build.0 = Release|Any CPU
		{F94B7D3D-524F-4F3B-9486-C6959BF2181F}.Debug|Any CPU.ActiveCfg = Debug|Any CPU
		{F94B7D3D-524F-4F3B-9486-C6959BF2181F}.Debug|Any CPU.Build.0 = Debug|Any CPU
		{F94B7D3D-524F-4F3B-9486-C6959BF2181F}.Release|Any CPU.ActiveCfg = Release|Any CPU
		{F94B7D3D-524F-4F3B-9486-C6959BF2181F}.Release|Any CPU.Build.0 = Release|Any CPU
		{455D4798-C148-4896-9A42-15AF02B65072}.Debug|Any CPU.ActiveCfg = Debug|Any CPU
		{455D4798-C148-4896-9A42-15AF02B65072}.Debug|Any CPU.Build.0 = Debug|Any CPU
		{455D4798-C148-4896-9A42-15AF02B65072}.Release|Any CPU.ActiveCfg = Release|Any CPU
		{455D4798-C148-4896-9A42-15AF02B65072}.Release|Any CPU.Build.0 = Release|Any CPU
		{43771CB5-4CA7-4697-86D7-F041825E4B26}.Debug|Any CPU.ActiveCfg = Debug|Any CPU
		{43771CB5-4CA7-4697-86D7-F041825E4B26}.Debug|Any CPU.Build.0 = Debug|Any CPU
		{43771CB5-4CA7-4697-86D7-F041825E4B26}.Release|Any CPU.ActiveCfg = Release|Any CPU
		{43771CB5-4CA7-4697-86D7-F041825E4B26}.Release|Any CPU.Build.0 = Release|Any CPU
	EndGlobalSection
	GlobalSection(SolutionProperties) = preSolution
		HideSolutionNode = FALSE
	EndGlobalSection
	GlobalSection(NestedProjects) = preSolution
		{8BF49049-E8F5-4C55-A534-08232E1CD33E} = {C8D5274F-AC00-46C7-1F8D-E88E81087A52}
		{EAF47A6D-C766-4499-9ECA-5EDDE6642173} = {46BAFBFC-BD7F-4CFF-BC26-A4C0AC241148}
		{9AC1BC0F-E7B7-452D-B1A1-8F39DF14FE26} = {46BAFBFC-BD7F-4CFF-BC26-A4C0AC241148}
		{56227132-B8E1-43AF-89B3-FB75E522D344} = {8297A6A3-0B9D-4CA6-8DD9-066E815D4F2A}
		{33322E9C-E2C8-41E6-99BF-911ACE272E46} = {DB3AD8C7-0B36-4FAE-8F08-162484A31AF1}
		{35271518-280B-4C54-B22A-A0543C5E88AE} = {46BAFBFC-BD7F-4CFF-BC26-A4C0AC241148}
		{63463A3B-8EB2-4C7E-A2FD-A7E0F0E81269} = {BFCB153F-F731-4B6B-BEF8-F62EA1D08A95}
		{6486EE45-6382-4A53-BBF9-DCC8C07E5CD0} = {BFCB153F-F731-4B6B-BEF8-F62EA1D08A95}
		{D6E4A35C-C85B-402A-A4B3-0DB45528B57F} = {DB8F0249-7A49-438C-8BDF-19D0493524C9}
		{F94B7D3D-524F-4F3B-9486-C6959BF2181F} = {8297A6A3-0B9D-4CA6-8DD9-066E815D4F2A}
		{8297A6A3-0B9D-4CA6-8DD9-066E815D4F2A} = {BFCB153F-F731-4B6B-BEF8-F62EA1D08A95}
		{455D4798-C148-4896-9A42-15AF02B65072} = {8297A6A3-0B9D-4CA6-8DD9-066E815D4F2A}
		{46BAFBFC-BD7F-4CFF-BC26-A4C0AC241148} = {BFCB153F-F731-4B6B-BEF8-F62EA1D08A95}
		{C6378DA8-5CC7-428A-8BAE-F3BA3B5D463E} = {BFCB153F-F731-4B6B-BEF8-F62EA1D08A95}
		{43771CB5-4CA7-4697-86D7-F041825E4B26} = {C6378DA8-5CC7-428A-8BAE-F3BA3B5D463E}
	EndGlobalSection
	GlobalSection(ExtensibilityGlobals) = postSolution
		SolutionGuid = {B9995BB7-E0CC-40F9-AAAA-553885B1C2ED}
	EndGlobalSection
EndGlobal
